
Microsoft Visual Studio Solution File, Format Version 12.00
# Visual Studio Version 17
VisualStudioVersion = 17.0.31903.59
MinimumVisualStudioVersion = 10.0.40219.1
Project("{2150E333-8FDC-42A3-9474-1A3956D46DE8}") = "lucians-luscious-lasagna", "lucians-luscious-lasagna", "{533BEB46-E802-BB48-1362-D80DF85A7236}"
EndProject
Project("{FAE04EC0-301F-11D3-BF4B-00C04F79EFBC}") = "LuciansLusciousLasagna", "lucians-luscious-lasagna\LuciansLusciousLasagna.csproj", "{3316BB47-D5B1-4484-92D5-06D0C044D9DC}"
EndProject
Project("{2150E333-8FDC-42A3-9474-1A3956D46DE8}") = "annalyns-infiltration", "annalyns-infiltration", "{FA3DA916-9C37-888F-25D2-F6C8284F3995}"
EndProject
Project("{FAE04EC0-301F-11D3-BF4B-00C04F79EFBC}") = "AnnalynsInfiltration", "annalyns-infiltration\AnnalynsInfiltration.csproj", "{FC38659C-6A9F-4D6D-B265-47BEFD725844}"
EndProject
Project("{2150E333-8FDC-42A3-9474-1A3956D46DE8}") = "Solution Items", "Solution Items", "{8EC462FD-D22E-90A8-E5CE-7E832BA40C5D}"
	ProjectSection(SolutionItems) = preProject
		.editorconfig = .editorconfig
		helper_commands.txt = helper_commands.txt
	EndProjectSection
EndProject
Project("{2150E333-8FDC-42A3-9474-1A3956D46DE8}") = "log-levels", "log-levels", "{5D339E35-D2E6-3A51-8918-B3144505E532}"
EndProject
Project("{FAE04EC0-301F-11D3-BF4B-00C04F79EFBC}") = "LogLevels", "log-levels\LogLevels.csproj", "{CD1306F4-E013-495C-AC53-633BC3DF8648}"
EndProject
Project("{2150E333-8FDC-42A3-9474-1A3956D46DE8}") = "cars-assemble", "cars-assemble", "{E9BEFBE8-9790-96DE-DEE1-9B5EB1BB4BB2}"
EndProject
Project("{FAE04EC0-301F-11D3-BF4B-00C04F79EFBC}") = "CarsAssemble", "cars-assemble\CarsAssemble.csproj", "{E1EA511F-AE9D-42F9-BC6E-9182EB9004BC}"
EndProject
Project("{2150E333-8FDC-42A3-9474-1A3956D46DE8}") = "phone-number-analysis", "phone-number-analysis", "{BDBB4DC4-7A70-E2F6-E3B0-13D87574B636}"
EndProject
Project("{FAE04EC0-301F-11D3-BF4B-00C04F79EFBC}") = "PhoneNumberAnalysis", "phone-number-analysis\PhoneNumberAnalysis.csproj", "{AB8D1B70-661B-4A90-8EE2-6C16D52A8627}"
EndProject
Project("{2150E333-8FDC-42A3-9474-1A3956D46DE8}") = "log-analysis", "log-analysis", "{ECD48DF8-13A3-938D-F228-FC2660173FB4}"
EndProject
Project("{FAE04EC0-301F-11D3-BF4B-00C04F79EFBC}") = "LogAnalysis", "log-analysis\LogAnalysis.csproj", "{DF60E446-FCD8-49BA-A4FE-F31B3BAE5C13}"
EndProject
Project("{2150E333-8FDC-42A3-9474-1A3956D46DE8}") = "tim-from-marketing", "tim-from-marketing", "{4B7D8785-11C2-661F-3DC8-2D1F3670B943}"
EndProject
Project("{FAE04EC0-301F-11D3-BF4B-00C04F79EFBC}") = "TimFromMarketing", "tim-from-marketing\TimFromMarketing.csproj", "{C2754378-416A-4124-BCF9-D5B0FECC2FED}"
EndProject
Global
	GlobalSection(SolutionConfigurationPlatforms) = preSolution
		Debug|Any CPU = Debug|Any CPU
		Debug|x64 = Debug|x64
		Debug|x86 = Debug|x86
		Release|Any CPU = Release|Any CPU
		Release|x64 = Release|x64
		Release|x86 = Release|x86
	EndGlobalSection
	GlobalSection(ProjectConfigurationPlatforms) = postSolution
		{3316BB47-D5B1-4484-92D5-06D0C044D9DC}.Debug|Any CPU.ActiveCfg = Debug|Any CPU
		{3316BB47-D5B1-4484-92D5-06D0C044D9DC}.Debug|Any CPU.Build.0 = Debug|Any CPU
		{3316BB47-D5B1-4484-92D5-06D0C044D9DC}.Debug|x64.ActiveCfg = Debug|Any CPU
		{3316BB47-D5B1-4484-92D5-06D0C044D9DC}.Debug|x64.Build.0 = Debug|Any CPU
		{3316BB47-D5B1-4484-92D5-06D0C044D9DC}.Debug|x86.ActiveCfg = Debug|Any CPU
		{3316BB47-D5B1-4484-92D5-06D0C044D9DC}.Debug|x86.Build.0 = Debug|Any CPU
		{3316BB47-D5B1-4484-92D5-06D0C044D9DC}.Release|Any CPU.ActiveCfg = Release|Any CPU
		{3316BB47-D5B1-4484-92D5-06D0C044D9DC}.Release|Any CPU.Build.0 = Release|Any CPU
		{3316BB47-D5B1-4484-92D5-06D0C044D9DC}.Release|x64.ActiveCfg = Release|Any CPU
		{3316BB47-D5B1-4484-92D5-06D0C044D9DC}.Release|x64.Build.0 = Release|Any CPU
		{3316BB47-D5B1-4484-92D5-06D0C044D9DC}.Release|x86.ActiveCfg = Release|Any CPU
		{3316BB47-D5B1-4484-92D5-06D0C044D9DC}.Release|x86.Build.0 = Release|Any CPU
		{FC38659C-6A9F-4D6D-B265-47BEFD725844}.Debug|Any CPU.ActiveCfg = Debug|Any CPU
		{FC38659C-6A9F-4D6D-B265-47BEFD725844}.Debug|Any CPU.Build.0 = Debug|Any CPU
		{FC38659C-6A9F-4D6D-B265-47BEFD725844}.Debug|x64.ActiveCfg = Debug|Any CPU
		{FC38659C-6A9F-4D6D-B265-47BEFD725844}.Debug|x64.Build.0 = Debug|Any CPU
		{FC38659C-6A9F-4D6D-B265-47BEFD725844}.Debug|x86.ActiveCfg = Debug|Any CPU
		{FC38659C-6A9F-4D6D-B265-47BEFD725844}.Debug|x86.Build.0 = Debug|Any CPU
		{FC38659C-6A9F-4D6D-B265-47BEFD725844}.Release|Any CPU.ActiveCfg = Release|Any CPU
		{FC38659C-6A9F-4D6D-B265-47BEFD725844}.Release|Any CPU.Build.0 = Release|Any CPU
		{FC38659C-6A9F-4D6D-B265-47BEFD725844}.Release|x64.ActiveCfg = Release|Any CPU
		{FC38659C-6A9F-4D6D-B265-47BEFD725844}.Release|x64.Build.0 = Release|Any CPU
		{FC38659C-6A9F-4D6D-B265-47BEFD725844}.Release|x86.ActiveCfg = Release|Any CPU
		{FC38659C-6A9F-4D6D-B265-47BEFD725844}.Release|x86.Build.0 = Release|Any CPU
		{CD1306F4-E013-495C-AC53-633BC3DF8648}.Debug|Any CPU.ActiveCfg = Debug|Any CPU
		{CD1306F4-E013-495C-AC53-633BC3DF8648}.Debug|Any CPU.Build.0 = Debug|Any CPU
		{CD1306F4-E013-495C-AC53-633BC3DF8648}.Debug|x64.ActiveCfg = Debug|Any CPU
		{CD1306F4-E013-495C-AC53-633BC3DF8648}.Debug|x64.Build.0 = Debug|Any CPU
		{CD1306F4-E013-495C-AC53-633BC3DF8648}.Debug|x86.ActiveCfg = Debug|Any CPU
		{CD1306F4-E013-495C-AC53-633BC3DF8648}.Debug|x86.Build.0 = Debug|Any CPU
		{CD1306F4-E013-495C-AC53-633BC3DF8648}.Release|Any CPU.ActiveCfg = Release|Any CPU
		{CD1306F4-E013-495C-AC53-633BC3DF8648}.Release|Any CPU.Build.0 = Release|Any CPU
		{CD1306F4-E013-495C-AC53-633BC3DF8648}.Release|x64.ActiveCfg = Release|Any CPU
		{CD1306F4-E013-495C-AC53-633BC3DF8648}.Release|x64.Build.0 = Release|Any CPU
		{CD1306F4-E013-495C-AC53-633BC3DF8648}.Release|x86.ActiveCfg = Release|Any CPU
		{CD1306F4-E013-495C-AC53-633BC3DF8648}.Release|x86.Build.0 = Release|Any CPU
		{E1EA511F-AE9D-42F9-BC6E-9182EB9004BC}.Debug|Any CPU.ActiveCfg = Debug|Any CPU
		{E1EA511F-AE9D-42F9-BC6E-9182EB9004BC}.Debug|Any CPU.Build.0 = Debug|Any CPU
		{E1EA511F-AE9D-42F9-BC6E-9182EB9004BC}.Debug|x64.ActiveCfg = Debug|Any CPU
		{E1EA511F-AE9D-42F9-BC6E-9182EB9004BC}.Debug|x64.Build.0 = Debug|Any CPU
		{E1EA511F-AE9D-42F9-BC6E-9182EB9004BC}.Debug|x86.ActiveCfg = Debug|Any CPU
		{E1EA511F-AE9D-42F9-BC6E-9182EB9004BC}.Debug|x86.Build.0 = Debug|Any CPU
		{E1EA511F-AE9D-42F9-BC6E-9182EB9004BC}.Release|Any CPU.ActiveCfg = Release|Any CPU
		{E1EA511F-AE9D-42F9-BC6E-9182EB9004BC}.Release|Any CPU.Build.0 = Release|Any CPU
		{E1EA511F-AE9D-42F9-BC6E-9182EB9004BC}.Release|x64.ActiveCfg = Release|Any CPU
		{E1EA511F-AE9D-42F9-BC6E-9182EB9004BC}.Release|x64.Build.0 = Release|Any CPU
		{E1EA511F-AE9D-42F9-BC6E-9182EB9004BC}.Release|x86.ActiveCfg = Release|Any CPU
		{E1EA511F-AE9D-42F9-BC6E-9182EB9004BC}.Release|x86.Build.0 = Release|Any CPU
		{AB8D1B70-661B-4A90-8EE2-6C16D52A8627}.Debug|Any CPU.ActiveCfg = Debug|Any CPU
		{AB8D1B70-661B-4A90-8EE2-6C16D52A8627}.Debug|Any CPU.Build.0 = Debug|Any CPU
		{AB8D1B70-661B-4A90-8EE2-6C16D52A8627}.Debug|x64.ActiveCfg = Debug|Any CPU
		{AB8D1B70-661B-4A90-8EE2-6C16D52A8627}.Debug|x64.Build.0 = Debug|Any CPU
		{AB8D1B70-661B-4A90-8EE2-6C16D52A8627}.Debug|x86.ActiveCfg = Debug|Any CPU
		{AB8D1B70-661B-4A90-8EE2-6C16D52A8627}.Debug|x86.Build.0 = Debug|Any CPU
		{AB8D1B70-661B-4A90-8EE2-6C16D52A8627}.Release|Any CPU.ActiveCfg = Release|Any CPU
		{AB8D1B70-661B-4A90-8EE2-6C16D52A8627}.Release|Any CPU.Build.0 = Release|Any CPU
		{AB8D1B70-661B-4A90-8EE2-6C16D52A8627}.Release|x64.ActiveCfg = Release|Any CPU
		{AB8D1B70-661B-4A90-8EE2-6C16D52A8627}.Release|x64.Build.0 = Release|Any CPU
		{AB8D1B70-661B-4A90-8EE2-6C16D52A8627}.Release|x86.ActiveCfg = Release|Any CPU
		{AB8D1B70-661B-4A90-8EE2-6C16D52A8627}.Release|x86.Build.0 = Release|Any CPU
		{DF60E446-FCD8-49BA-A4FE-F31B3BAE5C13}.Debug|Any CPU.ActiveCfg = Debug|Any CPU
		{DF60E446-FCD8-49BA-A4FE-F31B3BAE5C13}.Debug|Any CPU.Build.0 = Debug|Any CPU
		{DF60E446-FCD8-49BA-A4FE-F31B3BAE5C13}.Debug|x64.ActiveCfg = Debug|Any CPU
		{DF60E446-FCD8-49BA-A4FE-F31B3BAE5C13}.Debug|x64.Build.0 = Debug|Any CPU
		{DF60E446-FCD8-49BA-A4FE-F31B3BAE5C13}.Debug|x86.ActiveCfg = Debug|Any CPU
		{DF60E446-FCD8-49BA-A4FE-F31B3BAE5C13}.Debug|x86.Build.0 = Debug|Any CPU
		{DF60E446-FCD8-49BA-A4FE-F31B3BAE5C13}.Release|Any CPU.ActiveCfg = Release|Any CPU
		{DF60E446-FCD8-49BA-A4FE-F31B3BAE5C13}.Release|Any CPU.Build.0 = Release|Any CPU
		{DF60E446-FCD8-49BA-A4FE-F31B3BAE5C13}.Release|x64.ActiveCfg = Release|Any CPU
		{DF60E446-FCD8-49BA-A4FE-F31B3BAE5C13}.Release|x64.Build.0 = Release|Any CPU
		{DF60E446-FCD8-49BA-A4FE-F31B3BAE5C13}.Release|x86.ActiveCfg = Release|Any CPU
		{DF60E446-FCD8-49BA-A4FE-F31B3BAE5C13}.Release|x86.Build.0 = Release|Any CPU
		{C2754378-416A-4124-BCF9-D5B0FECC2FED}.Debug|Any CPU.ActiveCfg = Debug|Any CPU
		{C2754378-416A-4124-BCF9-D5B0FECC2FED}.Debug|Any CPU.Build.0 = Debug|Any CPU
		{C2754378-416A-4124-BCF9-D5B0FECC2FED}.Debug|x64.ActiveCfg = Debug|Any CPU
		{C2754378-416A-4124-BCF9-D5B0FECC2FED}.Debug|x64.Build.0 = Debug|Any CPU
		{C2754378-416A-4124-BCF9-D5B0FECC2FED}.Debug|x86.ActiveCfg = Debug|Any CPU
		{C2754378-416A-4124-BCF9-D5B0FECC2FED}.Debug|x86.Build.0 = Debug|Any CPU
		{C2754378-416A-4124-BCF9-D5B0FECC2FED}.Release|Any CPU.ActiveCfg = Release|Any CPU
		{C2754378-416A-4124-BCF9-D5B0FECC2FED}.Release|Any CPU.Build.0 = Release|Any CPU
		{C2754378-416A-4124-BCF9-D5B0FECC2FED}.Release|x64.ActiveCfg = Release|Any CPU
		{C2754378-416A-4124-BCF9-D5B0FECC2FED}.Release|x64.Build.0 = Release|Any CPU
		{C2754378-416A-4124-BCF9-D5B0FECC2FED}.Release|x86.ActiveCfg = Release|Any CPU
		{C2754378-416A-4124-BCF9-D5B0FECC2FED}.Release|x86.Build.0 = Release|Any CPU
	EndGlobalSection
	GlobalSection(SolutionProperties) = preSolution
		HideSolutionNode = FALSE
	EndGlobalSection
	GlobalSection(NestedProjects) = preSolution
		{3316BB47-D5B1-4484-92D5-06D0C044D9DC} = {533BEB46-E802-BB48-1362-D80DF85A7236}
		{FC38659C-6A9F-4D6D-B265-47BEFD725844} = {FA3DA916-9C37-888F-25D2-F6C8284F3995}
		{CD1306F4-E013-495C-AC53-633BC3DF8648} = {5D339E35-D2E6-3A51-8918-B3144505E532}
		{E1EA511F-AE9D-42F9-BC6E-9182EB9004BC} = {E9BEFBE8-9790-96DE-DEE1-9B5EB1BB4BB2}
		{AB8D1B70-661B-4A90-8EE2-6C16D52A8627} = {BDBB4DC4-7A70-E2F6-E3B0-13D87574B636}
		{DF60E446-FCD8-49BA-A4FE-F31B3BAE5C13} = {ECD48DF8-13A3-938D-F228-FC2660173FB4}
		{C2754378-416A-4124-BCF9-D5B0FECC2FED} = {4B7D8785-11C2-661F-3DC8-2D1F3670B943}
	EndGlobalSection
	GlobalSection(ExtensibilityGlobals) = postSolution
		SolutionGuid = {41FB8B14-CAFF-4048-BC93-8CF03158BCEE}
	EndGlobalSection
EndGlobal
